
Microsoft Visual Studio Solution File, Format Version 12.00
# Visual Studio Version 17
VisualStudioVersion = 17.4.33122.133
MinimumVisualStudioVersion = 10.0.40219.1
Project("{FAE04EC0-301F-11D3-BF4B-00C04F79EFBC}") = "WebApplication1", "WebApplication1\WebApplication1.csproj", "{1D93350A-0C71-4327-A553-7CD767EE2805}"
EndProject
Global
	GlobalSection(SolutionConfigurationPlatforms) = preSolution
		Debug|Any CPU = Debug|Any CPU
		Release|Any CPU = Release|Any CPU
	EndGlobalSection
	GlobalSection(ProjectConfigurationPlatforms) = postSolution
		{1D93350A-0C71-4327-A553-7CD767EE2805}.Debug|Any CPU.ActiveCfg = Debug|Any CPU
		{1D93350A-0C71-4327-A553-7CD767EE2805}.Debug|Any CPU.Build.0 = Debug|Any CPU
		{1D93350A-0C71-4327-A553-7CD767EE2805}.Release|Any CPU.ActiveCfg = Release|Any CPU
		{1D93350A-0C71-4327-A553-7CD767EE2805}.Release|Any CPU.Build.0 = Release|Any CPU
	EndGlobalSection
	GlobalSection(SolutionProperties) = preSolution
		HideSolutionNode = FALSE
	EndGlobalSection
	GlobalSection(ExtensibilityGlobals) = postSolution
		SolutionGuid = {015C2E09-A62B-40D1-8E90-A9F68B0D680B}
	EndGlobalSection
EndGlobal
